{
  "pins" : [
    {
      "identity" : "aexml",
      "kind" : "remoteSourceControl",
      "location" : "https://github.com/tadija/AEXML.git",
      "state" : {
        "revision" : "38f7d00b23ecd891e1ee656fa6aeebd6ba04ecc3",
        "version" : "4.6.1"
      }
    },
    {
      "identity" : "bettersegmentedcontrol",
      "kind" : "remoteSourceControl",
      "location" : "https://github.com/gmarm/BetterSegmentedControl.git",
      "state" : {
        "revision" : "a2b2116761f71320cee7e69b4249863f0f372c71",
        "version" : "2.0.1"
      }
    },
    {
      "identity" : "realm-core",
      "kind" : "remoteSourceControl",
      "location" : "https://github.com/realm/realm-core",
      "state" : {
        "revision" : "3c78cccdc0d9f967c5c15b7f3ea081814e2b3ef2",
        "version" : "11.13.0"
      }
    },
    {
      "identity" : "realm-swift",
      "kind" : "remoteSourceControl",
      "location" : "https://github.com/realm/realm-swift.git",
      "state" : {
        "branch" : "master",
        "revision" : "8c1cbf124c5025da9220595e7764059963065891"
      }
    },
    {
      "identity" : "ziparchive",
      "kind" : "remoteSourceControl",
      "location" : "https://github.com/ZipArchive/ZipArchive.git",
      "state" : {
        "revision" : "38e0ce0598e06b034271f296a8e15b149c91aa19",
        "version" : "2.4.3"
      }
    }
  ],
  "version" : 2
}
